
Microsoft Visual Studio Solution File, Format Version 12.00
# Visual Studio Version 17
VisualStudioVersion = 17.14.36518.9 d17.14
MinimumVisualStudioVersion = 10.0.40219.1
Project("{FAE04EC0-301F-11D3-BF4B-00C04F79EFBC}") = "game", "game.csproj", "{BBA20DE1-88CA-4E64-8613-088BEC06F8AB}"
EndProject
Global
	GlobalSection(SolutionConfigurationPlatforms) = preSolution
		Debug|Any CPU = Debug|Any CPU
		Release|Any CPU = Release|Any CPU
	EndGlobalSection
	GlobalSection(ProjectConfigurationPlatforms) = postSolution
		{BBA20DE1-88CA-4E64-8613-088BEC06F8AB}.Debug|Any CPU.ActiveCfg = Debug|Any CPU
		{BBA20DE1-88CA-4E64-8613-088BEC06F8AB}.Debug|Any CPU.Build.0 = Debug|Any CPU
		{BBA20DE1-88CA-4E64-8613-088BEC06F8AB}.Release|Any CPU.ActiveCfg = Release|Any CPU
		{BBA20DE1-88CA-4E64-8613-088BEC06F8AB}.Release|Any CPU.Build.0 = Release|Any CPU
	EndGlobalSection
	GlobalSection(SolutionProperties) = preSolution
		HideSolutionNode = FALSE
	EndGlobalSection
	GlobalSection(ExtensibilityGlobals) = postSolution
		SolutionGuid = {F84469B8-3DFC-475C-BAEB-A3DD5892F0C1}
	EndGlobalSection
EndGlobal
